{
  "name": "phidget-example",
  "version": "0.0.1",
  "lockfileVersion": 1,
  "requires": true,
  "dependencies": {
    "btoa": {
      "version": "1.2.1",
      "resolved": "https://registry.npmjs.org/btoa/-/btoa-1.2.1.tgz",
      "integrity": "sha512-SB4/MIGlsiVkMcHmT+pSmIPoNDoHg+7cMzmt3Uxt628MTz2487DKSqK/fuhFBrkuqrYv5UCEnACpF4dTFNKc/g=="
    },
    "phidget22": {
      "version": "2.6.14",
      "resolved": "https://registry.npmjs.org/phidget22/-/phidget22-2.6.14.tgz",
      "integrity": "sha512-kpzajZiauStCJovo/hOoQGMkDxDDyxwXObo3rXz8Og9QVKbVgba1hMHCIk/dsbrMWmg06leqssUpXjWHOLoOEQ==",
      "requires": {
        "btoa": "^1.1.2"
      }
    }
  }
}
