# THIS IS AN AUTOGENERATED FILE. DO NOT EDIT THIS FILE DIRECTLY.
# yarn lockfile v1


btoa@^1.1.2:
  version "1.2.1"
  resolved "https://registry.npmjs.org/btoa/-/btoa-1.2.1.tgz#01a9909f8b2c93f6bf680ba26131eb30f7fa3d73"
  integrity sha512-SB4/MIGlsiVkMcHmT+pSmIPoNDoHg+7cMzmt3Uxt628MTz2487DKSqK/fuhFBrkuqrYv5UCEnACpF4dTFNKc/g==

phidget22@^2.6.14:
  version "2.6.14"
  resolved "https://registry.npmjs.org/phidget22/-/phidget22-2.6.14.tgz#1f0bb0ff17e555f0cd33468b405609e8ebde8c9c"
  integrity sha512-kpzajZiauStCJovo/hOoQGMkDxDDyxwXObo3rXz8Og9QVKbVgba1hMHCIk/dsbrMWmg06leqssUpXjWHOLoOEQ==
  dependencies:
    btoa "^1.1.2"
